
Microsoft Visual Studio Solution File, Format Version 12.00
# Visual Studio 15
VisualStudioVersion = 15.0.28307.1259
MinimumVisualStudioVersion = 10.0.40219.1
Project("{FAE04EC0-301F-11D3-BF4B-00C04F79EFBC}") = "ServerAcaton", "ServerAcaton\ServerAcaton.csproj", "{277A1779-627E-4F08-AB32-BA4BB36B0E12}"
EndProject
Project("{FAE04EC0-301F-11D3-BF4B-00C04F79EFBC}") = "Bll", "Bll\Bll.csproj", "{ACAB45C1-2E18-4667-9CA9-17FA85235E4B}"
EndProject
Project("{FAE04EC0-301F-11D3-BF4B-00C04F79EFBC}") = "Dal", "Dal\Dal.csproj", "{AB9BAB58-6686-4D06-90DC-73EC9CEC8A3E}"
EndProject
Project("{FAE04EC0-301F-11D3-BF4B-00C04F79EFBC}") = "Entities", "Entities\Entities.csproj", "{1EABF4CA-346C-4868-A5D0-A310E711EB14}"
EndProject
Global
	GlobalSection(SolutionConfigurationPlatforms) = preSolution
		Debug|Any CPU = Debug|Any CPU
		Release|Any CPU = Release|Any CPU
	EndGlobalSection
	GlobalSection(ProjectConfigurationPlatforms) = postSolution
		{277A1779-627E-4F08-AB32-BA4BB36B0E12}.Debug|Any CPU.ActiveCfg = Debug|Any CPU
		{277A1779-627E-4F08-AB32-BA4BB36B0E12}.Debug|Any CPU.Build.0 = Debug|Any CPU
		{277A1779-627E-4F08-AB32-BA4BB36B0E12}.Release|Any CPU.ActiveCfg = Release|Any CPU
		{277A1779-627E-4F08-AB32-BA4BB36B0E12}.Release|Any CPU.Build.0 = Release|Any CPU
		{ACAB45C1-2E18-4667-9CA9-17FA85235E4B}.Debug|Any CPU.ActiveCfg = Debug|Any CPU
		{ACAB45C1-2E18-4667-9CA9-17FA85235E4B}.Debug|Any CPU.Build.0 = Debug|Any CPU
		{ACAB45C1-2E18-4667-9CA9-17FA85235E4B}.Release|Any CPU.ActiveCfg = Release|Any CPU
		{ACAB45C1-2E18-4667-9CA9-17FA85235E4B}.Release|Any CPU.Build.0 = Release|Any CPU
		{AB9BAB58-6686-4D06-90DC-73EC9CEC8A3E}.Debug|Any CPU.ActiveCfg = Debug|Any CPU
		{AB9BAB58-6686-4D06-90DC-73EC9CEC8A3E}.Debug|Any CPU.Build.0 = Debug|Any CPU
		{AB9BAB58-6686-4D06-90DC-73EC9CEC8A3E}.Release|Any CPU.ActiveCfg = Release|Any CPU
		{AB9BAB58-6686-4D06-90DC-73EC9CEC8A3E}.Release|Any CPU.Build.0 = Release|Any CPU
		{1EABF4CA-346C-4868-A5D0-A310E711EB14}.Debug|Any CPU.ActiveCfg = Debug|Any CPU
		{1EABF4CA-346C-4868-A5D0-A310E711EB14}.Debug|Any CPU.Build.0 = Debug|Any CPU
		{1EABF4CA-346C-4868-A5D0-A310E711EB14}.Release|Any CPU.ActiveCfg = Release|Any CPU
		{1EABF4CA-346C-4868-A5D0-A310E711EB14}.Release|Any CPU.Build.0 = Release|Any CPU
	EndGlobalSection
	GlobalSection(SolutionProperties) = preSolution
		HideSolutionNode = FALSE
	EndGlobalSection
	GlobalSection(ExtensibilityGlobals) = postSolution
		SolutionGuid = {B29DF141-A21F-40FA-A96D-66416D095C55}
	EndGlobalSection
EndGlobal
